
Microsoft Visual Studio Solution File, Format Version 12.00
# Visual Studio Version 17
VisualStudioVersion = 17.10.35027.167
MinimumVisualStudioVersion = 10.0.40219.1
Project("{FAE04EC0-301F-11D3-BF4B-00C04F79EFBC}") = "Cars.Server", "Cars.Server\Cars.Server.csproj", "{11DB414D-D30F-4C80-BF7A-CBD731B87BEF}"
EndProject
Project("{54A90642-561A-4BB1-A94E-469ADEE60C69}") = "Cars.client", "cars.client\Cars.client.esproj", "{4A2386CE-DD7E-4B02-BD11-B020E1DB5F84}"
EndProject
Global
	GlobalSection(SolutionConfigurationPlatforms) = preSolution
		Debug|Any CPU = Debug|Any CPU
		Release|Any CPU = Release|Any CPU
	EndGlobalSection
	GlobalSection(ProjectConfigurationPlatforms) = postSolution
		{11DB414D-D30F-4C80-BF7A-CBD731B87BEF}.Debug|Any CPU.ActiveCfg = Debug|Any CPU
		{11DB414D-D30F-4C80-BF7A-CBD731B87BEF}.Debug|Any CPU.Build.0 = Debug|Any CPU
		{11DB414D-D30F-4C80-BF7A-CBD731B87BEF}.Release|Any CPU.ActiveCfg = Release|Any CPU
		{11DB414D-D30F-4C80-BF7A-CBD731B87BEF}.Release|Any CPU.Build.0 = Release|Any CPU
		{4A2386CE-DD7E-4B02-BD11-B020E1DB5F84}.Debug|Any CPU.ActiveCfg = Debug|Any CPU
		{4A2386CE-DD7E-4B02-BD11-B020E1DB5F84}.Debug|Any CPU.Build.0 = Debug|Any CPU
		{4A2386CE-DD7E-4B02-BD11-B020E1DB5F84}.Debug|Any CPU.Deploy.0 = Debug|Any CPU
		{4A2386CE-DD7E-4B02-BD11-B020E1DB5F84}.Release|Any CPU.ActiveCfg = Release|Any CPU
		{4A2386CE-DD7E-4B02-BD11-B020E1DB5F84}.Release|Any CPU.Build.0 = Release|Any CPU
		{4A2386CE-DD7E-4B02-BD11-B020E1DB5F84}.Release|Any CPU.Deploy.0 = Release|Any CPU
	EndGlobalSection
	GlobalSection(SolutionProperties) = preSolution
		HideSolutionNode = FALSE
	EndGlobalSection
	GlobalSection(ExtensibilityGlobals) = postSolution
		SolutionGuid = {1CEABB5C-FC99-4A83-8C18-DB549F9D7035}
	EndGlobalSection
EndGlobal
